// !$*UTF8*$!
{
	archiveVersion = 1;
	classes = {
	};
	objectVersion = 50;
	objects = {

/* Begin PBXBuildFile section */
		A1465EAF5B8CBE73F75CBAE5 /* Pods_AltunaGroup.framework in Frameworks */ = {isa = PBXBuildFile; fileRef = 45AD843E9E8CA6DC4C6373C8 /* Pods_AltunaGroup.framework */; };
		C38E377C21F0C5C1000B88B1 /* Helper.swift in Sources */ = {isa = PBXBuildFile; fileRef = C38E377B21F0C5C1000B88B1 /* Helper.swift */; };
		C3F67F4821F0C24B003B1CBF /* AppDelegate.swift in Sources */ = {isa = PBXBuildFile; fileRef = C3F67F4721F0C24B003B1CBF /* AppDelegate.swift */; };
		C3F67F4A21F0C24B003B1CBF /* ViewController.swift in Sources */ = {isa = PBXBuildFile; fileRef = C3F67F4921F0C24B003B1CBF /* ViewController.swift */; };
		C3F67F4D21F0C24B003B1CBF /* Main.storyboard in Resources */ = {isa = PBXBuildFile; fileRef = C3F67F4B21F0C24B003B1CBF /* Main.storyboard */; };
		C3F67F5021F0C24B003B1CBF /* AltunaGroup.xcdatamodeld in Sources */ = {isa = PBXBuildFile; fileRef = C3F67F4E21F0C24B003B1CBF /* AltunaGroup.xcdatamodeld */; };
		C3F67F5221F0C24C003B1CBF /* Assets.xcassets in Resources */ = {isa = PBXBuildFile; fileRef = C3F67F5121F0C24C003B1CBF /* Assets.xcassets */; };
		C3F67F5521F0C24C003B1CBF /* LaunchScreen.storyboard in Resources */ = {isa = PBXBuildFile; fileRef = C3F67F5321F0C24C003B1CBF /* LaunchScreen.storyboard */; };
/* End PBXBuildFile section */

/* Begin PBXFileReference section */
		45AD843E9E8CA6DC4C6373C8 /* Pods_AltunaGroup.framework */ = {isa = PBXFileReference; explicitFileType = wrapper.framework; includeInIndex = 0; path = Pods_AltunaGroup.framework; sourceTree = BUILT_PRODUCTS_DIR; };
		8C40E03FC1EB4039D71A20B3 /* Pods-AltunaGroup.debug.xcconfig */ = {isa = PBXFileReference; includeInIndex = 1; lastKnownFileType = text.xcconfig; name = "Pods-AltunaGroup.debug.xcconfig"; path = "Pods/Target Support Files/Pods-AltunaGroup/Pods-AltunaGroup.debug.xcconfig"; sourceTree = "<group>"; };
		C38E377B21F0C5C1000B88B1 /* Helper.swift */ = {isa = PBXFileReference; lastKnownFileType = sourcecode.swift; path = Helper.swift; sourceTree = "<group>"; };
		C3F67F4421F0C24B003B1CBF /* AltunaGroup.app */ = {isa = PBXFileReference; explicitFileType = wrapper.application; includeInIndex = 0; path = AltunaGroup.app; sourceTree = BUILT_PRODUCTS_DIR; };
		C3F67F4721F0C24B003B1CBF /* AppDelegate.swift */ = {isa = PBXFileReference; lastKnownFileType = sourcecode.swift; path = AppDelegate.swift; sourceTree = "<group>"; };
		C3F67F4921F0C24B003B1CBF /* ViewController.swift */ = {isa = PBXFileReference; lastKnownFileType = sourcecode.swift; path = ViewController.swift; sourceTree = "<group>"; };
		C3F67F4C21F0C24B003B1CBF /* Base */ = {isa = PBXFileReference; lastKnownFileType = file.storyboard; name = Base; path = Base.lproj/Main.storyboard; sourceTree = "<group>"; };
		C3F67F4F21F0C24B003B1CBF /* AltunaGroup.xcdatamodel */ = {isa = PBXFileReference; lastKnownFileType = wrapper.xcdatamodel; path = AltunaGroup.xcdatamodel; sourceTree = "<group>"; };
		C3F67F5121F0C24C003B1CBF /* Assets.xcassets */ = {isa = PBXFileReference; lastKnownFileType = folder.assetcatalog; path = Assets.xcassets; sourceTree = "<group>"; };
		C3F67F5421F0C24C003B1CBF /* Base */ = {isa = PBXFileReference; lastKnownFileType = file.storyboard; name = Base; path = Base.lproj/LaunchScreen.storyboard; sourceTree = "<group>"; };
		C3F67F5621F0C24C003B1CBF /* Info.plist */ = {isa = PBXFileReference; lastKnownFileType = text.plist.xml; path = Info.plist; sourceTree = "<group>"; };
		C89546F465CEE0BDF7C3FCBD /* Pods-AltunaGroup.release.xcconfig */ = {isa = PBXFileReference; includeInIndex = 1; lastKnownFileType = text.xcconfig; name = "Pods-AltunaGroup.release.xcconfig"; path = "Pods/Target Support Files/Pods-AltunaGroup/Pods-AltunaGroup.release.xcconfig"; sourceTree = "<group>"; };
/* End PBXFileReference section */

/* Begin PBXFrameworksBuildPhase section */
		C3F67F4121F0C24B003B1CBF /* Frameworks */ = {
			isa = PBXFrameworksBuildPhase;
			buildActionMask = 2147483647;
			files = (
				A1465EAF5B8CBE73F75CBAE5 /* Pods_AltunaGroup.framework in Frameworks */,
			);
			runOnlyForDeploymentPostprocessing = 0;
		};
/* End PBXFrameworksBuildPhase section */

/* Begin PBXGroup section */
		A2414F85A2843DB2A4989742 /* Pods */ = {
			isa = PBXGroup;
			children = (
				8C40E03FC1EB4039D71A20B3 /* Pods-AltunaGroup.debug.xcconfig */,
				C89546F465CEE0BDF7C3FCBD /* Pods-AltunaGroup.release.xcconfig */,
			);
			name = Pods;
			sourceTree = "<group>";
		};
		C3F67F3B21F0C24B003B1CBF = {
			isa = PBXGroup;
			children = (
				C3F67F4621F0C24B003B1CBF /* AltunaGroup */,
				C3F67F4521F0C24B003B1CBF /* Products */,
				A2414F85A2843DB2A4989742 /* Pods */,
				CF1A1156A0C7AB1B3AE66159 /* Frameworks */,
			);
			sourceTree = "<group>";
		};
		C3F67F4521F0C24B003B1CBF /* Products */ = {
			isa = PBXGroup;
			children = (
				C3F67F4421F0C24B003B1CBF /* AltunaGroup.app */,
			);
			name = Products;
			sourceTree = "<group>";
		};
		C3F67F4621F0C24B003B1CBF /* AltunaGroup */ = {
			isa = PBXGroup;
			children = (
				C3F67F4721F0C24B003B1CBF /* AppDelegate.swift */,
				C3F67F4921F0C24B003B1CBF /* ViewController.swift */,
				C3F67F4B21F0C24B003B1CBF /* Main.storyboard */,
				C3F67F5121F0C24C003B1CBF /* Assets.xcassets */,
				C3F67F5321F0C24C003B1CBF /* LaunchScreen.storyboard */,
				C3F67F5621F0C24C003B1CBF /* Info.plist */,
				C3F67F4E21F0C24B003B1CBF /* AltunaGroup.xcdatamodeld */,
				C38E377B21F0C5C1000B88B1 /* Helper.swift */,
			);
			path = AltunaGroup;
			sourceTree = "<group>";
		};
		CF1A1156A0C7AB1B3AE66159 /* Frameworks */ = {
			isa = PBXGroup;
			children = (
				45AD843E9E8CA6DC4C6373C8 /* Pods_AltunaGroup.framework */,
			);
			name = Frameworks;
			sourceTree = "<group>";
		};
/* End PBXGroup section */

/* Begin PBXNativeTarget section */
		C3F67F4321F0C24B003B1CBF /* AltunaGroup */ = {
			isa = PBXNativeTarget;
			buildConfigurationList = C3F67F5921F0C24C003B1CBF /* Build configuration list for PBXNativeTarget "AltunaGroup" */;
			buildPhases = (
				6B758969D84D37AAE17C93F2 /* [CP] Check Pods Manifest.lock */,
				C3F67F4021F0C24B003B1CBF /* Sources */,
				C3F67F4121F0C24B003B1CBF /* Frameworks */,
				C3F67F4221F0C24B003B1CBF /* Resources */,
				234470854E2906070FC31A99 /* [CP] Embed Pods Frameworks */,
			);
			buildRules = (
			);
			dependencies = (
			);
			name = AltunaGroup;
			productName = AltunaGroup;
			productReference = C3F67F4421F0C24B003B1CBF /* AltunaGroup.app */;
			productType = "com.apple.product-type.application";
		};
/* End PBXNativeTarget section */

/* Begin PBXProject section */
		C3F67F3C21F0C24B003B1CBF /* Project object */ = {
			isa = PBXProject;
			attributes = {
				LastSwiftUpdateCheck = 1010;
				LastUpgradeCheck = 1010;
				ORGANIZATIONNAME = AltunaGroup;
				TargetAttributes = {
					C3F67F4321F0C24B003B1CBF = {
						CreatedOnToolsVersion = 10.1;
					};
				};
			};
			buildConfigurationList = C3F67F3F21F0C24B003B1CBF /* Build configuration list for PBXProject "AltunaGroup" */;
			compatibilityVersion = "Xcode 9.3";
			developmentRegion = en;
			hasScannedForEncodings = 0;
			knownRegions = (
				en,
				Base,
			);
			mainGroup = C3F67F3B21F0C24B003B1CBF;
			productRefGroup = C3F67F4521F0C24B003B1CBF /* Products */;
			projectDirPath = "";
			projectRoot = "";
			targets = (
				C3F67F4321F0C24B003B1CBF /* AltunaGroup */,
			);
		};
/* End PBXProject section */

/* Begin PBXResourcesBuildPhase section */
		C3F67F4221F0C24B003B1CBF /* Resources */ = {
			isa = PBXResourcesBuildPhase;
			buildActionMask = 2147483647;
			files = (
				C3F67F5521F0C24C003B1CBF /* LaunchScreen.storyboard in Resources */,
				C3F67F5221F0C24C003B1CBF /* Assets.xcassets in Resources */,
				C3F67F4D21F0C24B003B1CBF /* Main.storyboard in Resources */,
			);
			runOnlyForDeploymentPostprocessing = 0;
		};
/* End PBXResourcesBuildPhase section */

/* Begin PBXShellScriptBuildPhase section */
		234470854E2906070FC31A99 /* [CP] Embed Pods Frameworks */ = {
			isa = PBXShellScriptBuildPhase;
			buildActionMask = 2147483647;
			files = (
			);
			inputFileListPaths = (
			);
			inputPaths = (
				"${SRCROOT}/Pods/Target Support Files/Pods-AltunaGroup/Pods-AltunaGroup-frameworks.sh",
				"${BUILT_PRODUCTS_DIR}/Alamofire/Alamofire.framework",
				"${BUILT_PRODUCTS_DIR}/Kingfisher/Kingfisher.framework",
				"${BUILT_PRODUCTS_DIR}/NewPopMenu/PopMenu.framework",
				"${BUILT_PRODUCTS_DIR}/SCLAlertView/SCLAlertView.framework",
				"${BUILT_PRODUCTS_DIR}/SideMenu/SideMenu.framework",
				"${BUILT_PRODUCTS_DIR}/SwiftyJSON/SwiftyJSON.framework",
			);
			name = "[CP] Embed Pods Frameworks";
			outputFileListPaths = (
			);
			outputPaths = (
				"${TARGET_BUILD_DIR}/${FRAMEWORKS_FOLDER_PATH}/Alamofire.framework",
				"${TARGET_BUILD_DIR}/${FRAMEWORKS_FOLDER_PATH}/Kingfisher.framework",
				"${TARGET_BUILD_DIR}/${FRAMEWORKS_FOLDER_PATH}/PopMenu.framework",
				"${TARGET_BUILD_DIR}/${FRAMEWORKS_FOLDER_PATH}/SCLAlertView.framework",
				"${TARGET_BUILD_DIR}/${FRAMEWORKS_FOLDER_PATH}/SideMenu.framework",
				"${TARGET_BUILD_DIR}/${FRAMEWORKS_FOLDER_PATH}/SwiftyJSON.framework",
			);
			runOnlyForDeploymentPostprocessing = 0;
			shellPath = /bin/sh;
			shellScript = "\"${SRCROOT}/Pods/Target Support Files/Pods-AltunaGroup/Pods-AltunaGroup-frameworks.sh\"\n";
			showEnvVarsInLog = 0;
		};
		6B758969D84D37AAE17C93F2 /* [CP] Check Pods Manifest.lock */ = {
			isa = PBXShellScriptBuildPhase;
			buildActionMask = 2147483647;
			files = (
			);
			inputFileListPaths = (
			);
			inputPaths = (
				"${PODS_PODFILE_DIR_PATH}/Podfile.lock",
				"${PODS_ROOT}/Manifest.lock",
			);
			name = "[CP] Check Pods Manifest.lock";
			outputFileListPaths = (
			);
			outputPaths = (
				"$(DERIVED_FILE_DIR)/Pods-AltunaGroup-checkManifestLockResult.txt",
			);
			runOnlyForDeploymentPostprocessing = 0;
			shellPath = /bin/sh;
			shellScript = "diff \"${PODS_PODFILE_DIR_PATH}/Podfile.lock\" \"${PODS_ROOT}/Manifest.lock\" > /dev/null\nif [ $? != 0 ] ; then\n    # print error to STDERR\n    echo \"error: The sandbox is not in sync with the Podfile.lock. Run 'pod install' or update your CocoaPods installation.\" >&2\n    exit 1\nfi\n# This output is used by Xcode 'outputs' to avoid re-running this script phase.\necho \"SUCCESS\" > \"${SCRIPT_OUTPUT_FILE_0}\"\n";
			showEnvVarsInLog = 0;
		};
/* End PBXShellScriptBuildPhase section */

/* Begin PBXSourcesBuildPhase section */
		C3F67F4021F0C24B003B1CBF /* Sources */ = {
			isa = PBXSourcesBuildPhase;
			buildActionMask = 2147483647;
			files = (
				C3F67F4A21F0C24B003B1CBF /* ViewController.swift in Sources */,
				C3F67F4821F0C24B003B1CBF /* AppDelegate.swift in Sources */,
				C3F67F5021F0C24B003B1CBF /* AltunaGroup.xcdatamodeld in Sources */,
				C38E377C21F0C5C1000B88B1 /* Helper.swift in Sources */,
			);
			runOnlyForDeploymentPostprocessing = 0;
		};
/* End PBXSourcesBuildPhase section */

/* Begin PBXVariantGroup section */
		C3F67F4B21F0C24B003B1CBF /* Main.storyboard */ = {
			isa = PBXVariantGroup;
			children = (
				C3F67F4C21F0C24B003B1CBF /* Base */,
			);
			name = Main.storyboard;
			sourceTree = "<group>";
		};
		C3F67F5321F0C24C003B1CBF /* LaunchScreen.storyboard */ = {
			isa = PBXVariantGroup;
			children = (
				C3F67F5421F0C24C003B1CBF /* Base */,
			);
			name = LaunchScreen.storyboard;
			sourceTree = "<group>";
		};
/* End PBXVariantGroup section */

/* Begin XCBuildConfiguration section */
		C3F67F5721F0C24C003B1CBF /* Debug */ = {
			isa = XCBuildConfiguration;
			buildSettings = {
				ALWAYS_SEARCH_USER_PATHS = NO;
				CLANG_ANALYZER_NONNULL = YES;
				CLANG_ANALYZER_NUMBER_OBJECT_CONVERSION = YES_AGGRESSIVE;
				CLANG_CXX_LANGUAGE_STANDARD = "gnu++14";
				CLANG_CXX_LIBRARY = "libc++";
				CLANG_ENABLE_MODULES = YES;
				CLANG_ENABLE_OBJC_ARC = YES;
				CLANG_ENABLE_OBJC_WEAK = YES;
				CLANG_WARN_BLOCK_CAPTURE_AUTORELEASING = YES;
				CLANG_WARN_BOOL_CONVERSION = YES;
				CLANG_WARN_COMMA = YES;
				CLANG_WARN_CONSTANT_CONVERSION = YES;
				CLANG_WARN_DEPRECATED_OBJC_IMPLEMENTATIONS = YES;
				CLANG_WARN_DIRECT_OBJC_ISA_USAGE = YES_ERROR;
				CLANG_WARN_DOCUMENTATION_COMMENTS = YES;
				CLANG_WARN_EMPTY_BODY = YES;
				CLANG_WARN_ENUM_CONVERSION = YES;
				CLANG_WARN_INFINITE_RECURSION = YES;
				CLANG_WARN_INT_CONVERSION = YES;
				CLANG_WARN_NON_LITERAL_NULL_CONVERSION = YES;
				CLANG_WARN_OBJC_IMPLICIT_RETAIN_SELF = YES;
				CLANG_WARN_OBJC_LITERAL_CONVERSION = YES;
				CLANG_WARN_OBJC_ROOT_CLASS = YES_ERROR;
				CLANG_WARN_RANGE_LOOP_ANALYSIS = YES;
				CLANG_WARN_STRICT_PROTOTYPES = YES;
				CLANG_WARN_SUSPICIOUS_MOVE = YES;
				CLANG_WARN_UNGUARDED_AVAILABILITY = YES_AGGRESSIVE;
				CLANG_WARN_UNREACHABLE_CODE = YES;
				CLANG_WARN__DUPLICATE_METHOD_MATCH = YES;
				CODE_SIGN_IDENTITY = "iPhone Developer";
				COPY_PHASE_STRIP = NO;
				DEBUG_INFORMATION_FORMAT = dwarf;
				ENABLE_STRICT_OBJC_MSGSEND = YES;
				ENABLE_TESTABILITY = YES;
				GCC_C_LANGUAGE_STANDARD = gnu11;
				GCC_DYNAMIC_NO_PIC = NO;
				GCC_NO_COMMON_BLOCKS = YES;
				GCC_OPTIMIZATION_LEVEL = 0;
				GCC_PREPROCESSOR_DEFINITIONS = (
					"DEBUG=1",
					"$(inherited)",
				);
				GCC_WARN_64_TO_32_BIT_CONVERSION = YES;
				GCC_WARN_ABOUT_RETURN_TYPE = YES_ERROR;
				GCC_WARN_UNDECLARED_SELECTOR = YES;
				GCC_WARN_UNINITIALIZED_AUTOS = YES_AGGRESSIVE;
				GCC_WARN_UNUSED_FUNCTION = YES;
				GCC_WARN_UNUSED_VARIABLE = YES;
				IPHONEOS_DEPLOYMENT_TARGET = 12.1;
				MTL_ENABLE_DEBUG_INFO = INCLUDE_SOURCE;
				MTL_FAST_MATH = YES;
				ONLY_ACTIVE_ARCH = YES;
				SDKROOT = iphoneos;
				SWIFT_ACTIVE_COMPILATION_CONDITIONS = DEBUG;
				SWIFT_OPTIMIZATION_LEVEL = "-Onone";
			};
			name = Debug;
		};
		C3F67F5821F0C24C003B1CBF /* Release */ = {
			isa = XCBuildConfiguration;
			buildSettings = {
				ALWAYS_SEARCH_USER_PATHS = NO;
				CLANG_ANALYZER_NONNULL = YES;
				CLANG_ANALYZER_NUMBER_OBJECT_CONVERSION = YES_AGGRESSIVE;
				CLANG_CXX_LANGUAGE_STANDARD = "gnu++14";
				CLANG_CXX_LIBRARY = "libc++";
				CLANG_ENABLE_MODULES = YES;
				CLANG_ENABLE_OBJC_ARC = YES;
				CLANG_ENABLE_OBJC_WEAK = YES;
				CLANG_WARN_BLOCK_CAPTURE_AUTORELEASING = YES;
				CLANG_WARN_BOOL_CONVERSION = YES;
				CLANG_WARN_COMMA = YES;
				CLANG_WARN_CONSTANT_CONVERSION = YES;
				CLANG_WARN_DEPRECATED_OBJC_IMPLEMENTATIONS = YES;
				CLANG_WARN_DIRECT_OBJC_ISA_USAGE = YES_ERROR;
				CLANG_WARN_DOCUMENTATION_COMMENTS = YES;
				CLANG_WARN_EMPTY_BODY = YES;
				CLANG_WARN_ENUM_CONVERSION = YES;
				CLANG_WARN_INFINITE_RECURSION = YES;
				CLANG_WARN_INT_CONVERSION = YES;
				CLANG_WARN_NON_LITERAL_NULL_CONVERSION = YES;
				CLANG_WARN_OBJC_IMPLICIT_RETAIN_SELF = YES;
				CLANG_WARN_OBJC_LITERAL_CONVERSION = YES;
				CLANG_WARN_OBJC_ROOT_CLASS = YES_ERROR;
				CLANG_WARN_RANGE_LOOP_ANALYSIS = YES;
				CLANG_WARN_STRICT_PROTOTYPES = YES;
				CLANG_WARN_SUSPICIOUS_MOVE = YES;
				CLANG_WARN_UNGUARDED_AVAILABILITY = YES_AGGRESSIVE;
				CLANG_WARN_UNREACHABLE_CODE = YES;
				CLANG_WARN__DUPLICATE_METHOD_MATCH = YES;
				CODE_SIGN_IDENTITY = "iPhone Developer";
				COPY_PHASE_STRIP = NO;
				DEBUG_INFORMATION_FORMAT = "dwarf-with-dsym";
				ENABLE_NS_ASSERTIONS = NO;
				ENABLE_STRICT_OBJC_MSGSEND = YES;
				GCC_C_LANGUAGE_STANDARD = gnu11;
				GCC_NO_COMMON_BLOCKS = YES;
				GCC_WARN_64_TO_32_BIT_CONVERSION = YES;
				GCC_WARN_ABOUT_RETURN_TYPE = YES_ERROR;
				GCC_WARN_UNDECLARED_SELECTOR = YES;
				GCC_WARN_UNINITIALIZED_AUTOS = YES_AGGRESSIVE;
				GCC_WARN_UNUSED_FUNCTION = YES;
				GCC_WARN_UNUSED_VARIABLE = YES;
				IPHONEOS_DEPLOYMENT_TARGET = 12.1;
				MTL_ENABLE_DEBUG_INFO = NO;
				MTL_FAST_MATH = YES;
				SDKROOT = iphoneos;
				SWIFT_COMPILATION_MODE = wholemodule;
				SWIFT_OPTIMIZATION_LEVEL = "-O";
				VALIDATE_PRODUCT = YES;
			};
			name = Release;
		};
		C3F67F5A21F0C24C003B1CBF /* Debug */ = {
			isa = XCBuildConfiguration;
			baseConfigurationReference = 8C40E03FC1EB4039D71A20B3 /* Pods-AltunaGroup.debug.xcconfig */;
			buildSettings = {
				ASSETCATALOG_COMPILER_APPICON_NAME = AppIcon;
				CODE_SIGN_STYLE = Automatic;
				DEVELOPMENT_TEAM = "";
				INFOPLIST_FILE = AltunaGroup/Info.plist;
				LD_RUNPATH_SEARCH_PATHS = (
					"$(inherited)",
					"@executable_path/Frameworks",
				);
				PRODUCT_BUNDLE_IDENTIFIER = com.altunagroup.AltunaGroup;
				PRODUCT_NAME = "$(TARGET_NAME)";
				SWIFT_VERSION = 4.2;
				TARGETED_DEVICE_FAMILY = "1,2";
			};
			name = Debug;
		};
		C3F67F5B21F0C24C003B1CBF /* Release */ = {
			isa = XCBuildConfiguration;
			baseConfigurationReference = C89546F465CEE0BDF7C3FCBD /* Pods-AltunaGroup.release.xcconfig */;
			buildSettings = {
				ASSETCATALOG_COMPILER_APPICON_NAME = AppIcon;
				CODE_SIGN_STYLE = Automatic;
				DEVELOPMENT_TEAM = "";
				INFOPLIST_FILE = AltunaGroup/Info.plist;
				LD_RUNPATH_SEARCH_PATHS = (
					"$(inherited)",
					"@executable_path/Frameworks",
				);
				PRODUCT_BUNDLE_IDENTIFIER = com.altunagroup.AltunaGroup;
				PRODUCT_NAME = "$(TARGET_NAME)";
				SWIFT_VERSION = 4.2;
				TARGETED_DEVICE_FAMILY = "1,2";
			};
			name = Release;
		};
/* End XCBuildConfiguration section */

/* Begin XCConfigurationList section */
		C3F67F3F21F0C24B003B1CBF /* Build configuration list for PBXProject "AltunaGroup" */ = {
			isa = XCConfigurationList;
			buildConfigurations = (
				C3F67F5721F0C24C003B1CBF /* Debug */,
				C3F67F5821F0C24C003B1CBF /* Release */,
			);
			defaultConfigurationIsVisible = 0;
			defaultConfigurationName = Release;
		};
		C3F67F5921F0C24C003B1CBF /* Build configuration list for PBXNativeTarget "AltunaGroup" */ = {
			isa = XCConfigurationList;
			buildConfigurations = (
				C3F67F5A21F0C24C003B1CBF /* Debug */,
				C3F67F5B21F0C24C003B1CBF /* Release */,
			);
			defaultConfigurationIsVisible = 0;
			defaultConfigurationName = Release;
		};
/* End XCConfigurationList section */

/* Begin XCVersionGroup section */
		C3F67F4E21F0C24B003B1CBF /* AltunaGroup.xcdatamodeld */ = {
			isa = XCVersionGroup;
			children = (
				C3F67F4F21F0C24B003B1CBF /* AltunaGroup.xcdatamodel */,
			);
			currentVersion = C3F67F4F21F0C24B003B1CBF /* AltunaGroup.xcdatamodel */;
			path = AltunaGroup.xcdatamodeld;
			sourceTree = "<group>";
			versionGroupType = wrapper.xcdatamodel;
		};
/* End XCVersionGroup section */
	};
	rootObject = C3F67F3C21F0C24B003B1CBF /* Project object */;
}
